# This file is autogenerated, do not edit; changes may be undone by the next 'dep ensure'.


[[projects]]
  name = "github.com/BurntSushi/toml"
  packages = ["."]
  revision = "3012a1dbe2e4bd1391d42b32f0577cb7bbc7f005"
  version = "v0.3.1"

[[projects]]
  name = "github.com/Knetic/govaluate"
  packages = ["."]
  revision = "d216395917cc49052c7c7094cf57f09657ca08a8"
  version = "v3.0.0"

[[projects]]
  name = "github.com/aws/aws-sdk-go"
  packages = ["aws","aws/awserr","aws/awsutil","aws/client","aws/client/metadata","aws/corehandlers","aws/credentials","aws/credentials/ec2rolecreds","aws/credentials/endpointcreds","aws/credentials/processcreds","aws/credentials/stscreds","aws/csm","aws/defaults","aws/ec2metadata","aws/endpoints","aws/request","aws/session","aws/signer/v4","internal/context","internal/ini","internal/sdkio","internal/sdkmath","internal/sdkrand","internal/sdkuri","internal/shareddefaults","internal/strings","internal/sync/singleflight","private/protocol","private/protocol/json/jsonutil","private/protocol/jsonrpc","private/protocol/query","private/protocol/query/queryutil","private/protocol/rest","private/protocol/xml/xmlutil","service/secretsmanager","service/secretsmanager/secretsmanageriface","service/ssm","service/ssm/ssmiface","service/sts","service/sts/stsiface"]
  revision = "4c45f86cecd97172229aa6b4ab744a5f325a1084"
  version = "v1.31.4"

[[projects]]
  branch = "master"
  name = "github.com/cloudfoundry-community/vaultkv"
  packages = ["."]
  revision = "343c0e6fc506c7561969fab1c0a262235120edd3"

[[projects]]
  name = "github.com/cppforlife/go-patch"
  packages = ["patch"]
  revision = "90228d47281247384683e5fded0f15afa3e5d29a"
  version = "v0.2.0"

[[projects]]
  branch = "master"
  name = "github.com/geofffranks/simpleyaml"
  packages = ["."]
  revision = "c9320f076de50350542482dfe99e66c8732a426f"

[[projects]]
  branch = "v2"
  name = "github.com/geofffranks/yaml"
  packages = ["."]
  revision = "9f2fe4b6f2957db3a5e43179ecfa1a10fd3bc2f9"

[[projects]]
  name = "github.com/gonvenience/bunt"
  packages = ["."]
  revision = "006da9d352efae7ff7298bfc441059b09c592ef1"
  version = "v1.1.1"

[[projects]]
  name = "github.com/gonvenience/neat"
  packages = ["."]
  revision = "758aeaf0aa9b62457c779622e446c3fcbe6496b4"
  version = "v1.3.0"

[[projects]]
  name = "github.com/gonvenience/term"
  packages = ["."]
  revision = "623532172f2ff71940fc24b4b68958bd9a675d7a"
  version = "v1.0.0"

[[projects]]
  name = "github.com/gonvenience/text"
  packages = ["."]
  revision = "1b0f02a737f992daa5eb632f0268b94439bbb78a"
  version = "v1.0.5"

[[projects]]
  name = "github.com/gonvenience/wrap"
  packages = ["."]
  revision = "8aceb6a4e121c3ef13e32c340fe44eec0c49a043"
  version = "v1.1.0"

[[projects]]
  name = "github.com/gonvenience/ytbx"
  packages = ["."]
  revision = "06d89caf6d7718b48d74b68a75e8363fe3b04490"
  version = "v1.2.2"

[[projects]]
  branch = "master"
  name = "github.com/gopherjs/gopherjs"
  packages = ["js"]
  revision = "fce0ec30dd00773d3fa974351d04ce2737b5c4d9"

[[projects]]
  name = "github.com/homeport/dyff"
  packages = ["pkg/dyff"]
  revision = "131c6d068aeb999c12dbf2a9c82ade92e5492bc5"
  version = "v1.0.2"

[[projects]]
  name = "github.com/jmespath/go-jmespath"
  packages = ["."]
  revision = "c2b33e84"

[[projects]]
  name = "github.com/jtolds/gls"
  packages = ["."]
  revision = "b4936e06046bbecbb94cae9c18127ebe510a2cb9"
  version = "v4.20"

[[projects]]
  name = "github.com/lucasb-eyer/go-colorful"
  packages = ["."]
  revision = "fadcb7c7fa1e47844a23f5ebea95219172166a56"
  version = "v1.0.3"

[[projects]]
  branch = "master"
  name = "github.com/mattn/go-ciede2000"
  packages = ["."]
  revision = "782e8c62fec396b2d7e6f4367dd5f3934de99b47"

[[projects]]
  name = "github.com/mattn/go-isatty"
  packages = ["."]
  revision = "7b513a986450394f7bbf1476909911b3aa3a55ce"
  version = "v0.0.12"

[[projects]]
  name = "github.com/mitchellh/go-ps"
  packages = ["."]
  revision = "147ff83818ae939913b2e20b91ae3cd6c391771c"
  version = "v1.0.0"

[[projects]]
  name = "github.com/mitchellh/hashstructure"
  packages = ["."]
  revision = "a38c50148365edc8df43c1580c48fb2b3a1e9cd7"
  version = "v1.0.0"

[[projects]]
  name = "github.com/sergi/go-diff"
  packages = ["diffmatchpatch"]
  revision = "58c5cb1602ee9676b5d3590d782bedde80706fcc"
  version = "v1.1.0"

[[projects]]
  name = "github.com/smartystreets/assertions"
  packages = [".","internal/go-diff/diffmatchpatch","internal/go-render/render","internal/oglematchers"]
  revision = "f487f9de1cd36ebab28235b9373028812fb47cbd"
  version = "1.10.1"

[[projects]]
  name = "github.com/smartystreets/goconvey"
  packages = ["convey","convey/gotest","convey/reporting"]
  revision = "505e419363375c0dc132d3ac02632a4ee32199ca"
  version = "v1.6.4"

[[projects]]
  branch = "master"
  name = "github.com/starkandwayne/goutils"
  packages = ["ansi","tree"]
  revision = "896b8a6904be7eda4466e4ba283de325980e3c83"

[[projects]]
  branch = "master"
  name = "github.com/texttheater/golang-levenshtein"
  packages = ["levenshtein"]
  revision = "eb6844b05fc6f7e10932b0621c7f5f7e8890541d"

[[projects]]
  branch = "master"
  name = "github.com/virtuald/go-ordered-json"
  packages = ["."]
  revision = "b18e6e673d74b304ff0f935a436dde5707ee1e57"

[[projects]]
  name = "github.com/voxelbrain/goptions"
  packages = ["."]
  revision = "26cb8b04692384f4dc269de3b5fcf3e2ef78573e"
  version = "2.5.11"

[[projects]]
  branch = "master"
  name = "github.com/ziutek/utils"
  packages = ["netaddr"]
  revision = "eb2a3b364d6c507bb62ca6b2f9ddc61efd3dddb8"

[[projects]]
  branch = "master"
  name = "golang.org/x/crypto"
  packages = ["ssh/terminal"]
  revision = "06a226fb4e3765ef3f48aa2852b401bc7b98e981"

[[projects]]
  branch = "master"
  name = "golang.org/x/sync"
  packages = ["syncmap"]
  revision = "43a5402ce75a95522677f77c619865d66b8c57ab"

[[projects]]
  branch = "master"
  name = "golang.org/x/sys"
  packages = ["internal/unsafeheader","unix","windows"]
  revision = "05986578812163b26672dabd9b425240ae2bb0ad"

[[projects]]
  name = "gopkg.in/yaml.v2"
  packages = ["."]
  revision = "0b1645d91e851e735d3e23330303ce81f70adbe3"
  version = "v2.3.0"

[[projects]]
  branch = "v3"
  name = "gopkg.in/yaml.v3"
  packages = ["."]
  revision = "2ff61e1afc866138abf1a8adf3cc89721090ac31"

[solve-meta]
  analyzer-name = "dep"
  analyzer-version = 1
  inputs-digest = "e7d928818b2f5ffdbee27573ace47e0b9d682c277fa1c110806502fe4f161861"
  solver-name = "gps-cdcl"
  solver-version = 1
