# This file is autogenerated, do not edit; changes may be undone by the next 'dep ensure'.


[[projects]]
  digest = "1:9f3b30d9f8e0d7040f729b82dcbc8f0dead820a133b3147ce355fc451f32d761"
  name = "github.com/BurntSushi/toml"
  packages = ["."]
  pruneopts = "UT"
  revision = "3012a1dbe2e4bd1391d42b32f0577cb7bbc7f005"
  version = "v0.3.1"

[[projects]]
  digest = "1:131805751862f3b0e2af8dde20660cdb0019877717ca33031aa68e5c456c66a5"
  name = "github.com/Knetic/govaluate"
  packages = ["."]
  pruneopts = "UT"
  revision = "36d12fdf60d2eced73454479e9935c9ea8bbe46a"

[[projects]]
  digest = "1:5746445b656bfd8bf64ab4e52242da4a8eb97dc11948a03f873bf816a1e14379"
  name = "github.com/aws/aws-sdk-go"
  packages = [
    "aws",
    "aws/awserr",
    "aws/awsutil",
    "aws/client",
    "aws/client/metadata",
    "aws/corehandlers",
    "aws/credentials",
    "aws/credentials/ec2rolecreds",
    "aws/credentials/endpointcreds",
    "aws/credentials/processcreds",
    "aws/credentials/stscreds",
    "aws/csm",
    "aws/defaults",
    "aws/ec2metadata",
    "aws/endpoints",
    "aws/request",
    "aws/session",
    "aws/signer/v4",
    "internal/ini",
    "internal/sdkio",
    "internal/sdkrand",
    "internal/sdkuri",
    "internal/shareddefaults",
    "private/protocol",
    "private/protocol/json/jsonutil",
    "private/protocol/jsonrpc",
    "private/protocol/query",
    "private/protocol/query/queryutil",
    "private/protocol/rest",
    "private/protocol/xml/xmlutil",
    "service/secretsmanager",
    "service/secretsmanager/secretsmanageriface",
    "service/ssm",
    "service/ssm/ssmiface",
    "service/sts",
  ]
  pruneopts = "UT"
  revision = "8dcd3d255f5e18067a59874fe761115fed074006"

[[projects]]
  digest = "1:12cef3c6099fd0582a458f340f0dae9062fd1080e72f2ce37f4957c1f987c515"
  name = "github.com/cloudfoundry-community/vaultkv"
  packages = ["."]
  pruneopts = "UT"
  revision = "0ed39daafa01eaa5f526c6bc2581e80896e9674f"

[[projects]]
  digest = "1:bb50c52715ad389a1f8dbf6df68c4ef38f73769524f00d49fed3dc8b280f3a54"
  name = "github.com/cppforlife/go-patch"
  packages = ["patch"]
  pruneopts = "UT"
  revision = "90228d47281247384683e5fded0f15afa3e5d29a"
  version = "v0.2.0"

[[projects]]
  branch = "master"
  digest = "1:96c3d35fd1f2d7a569c949c7f48125e02927e657a3e9f1f24f51a90a28c56973"
  name = "github.com/geofffranks/simpleyaml"
  packages = ["."]
  pruneopts = "UT"
  revision = "c9320f076de50350542482dfe99e66c8732a426f"

[[projects]]
  digest = "1:7b4d7d83a98018371f22e4bd0f9765da09dc6da70dbcc631a39f4ad2228cc8b7"
  name = "github.com/geofffranks/spruce"
  packages = [
    ".",
    "log",
  ]
  pruneopts = "UT"
  revision = "2c602ca5c13a57b9ffb210481d9ef4f889ddec60"
  version = "v1.22.0"

[[projects]]
  branch = "v2"
  digest = "1:2de555ca0281475d8254423d89cddd6e16b3cb6df8854022986880407ce7239f"
  name = "github.com/geofffranks/yaml"
  packages = ["."]
  pruneopts = "UT"
  revision = "9f2fe4b6f2957db3a5e43179ecfa1a10fd3bc2f9"

[[projects]]
  digest = "1:f14d1b50e0075fb00177f12a96dd7addf93d1e2883c25befd17285b779549795"
  name = "github.com/gopherjs/gopherjs"
  packages = ["js"]
  pruneopts = "UT"
  revision = "3e4dfb77656c424b6d1196a4d5fed0fcf63677cc"

[[projects]]
  digest = "1:6cebd2474889562b93b30a1acc34ff889a6fee7045d06e22eeaf6ab7ecde8f42"
  name = "github.com/homeport/dyff"
  packages = ["pkg/v1/dyff"]
  pruneopts = "UT"
  revision = "593c52354a92098a355fc41bea73204b9b1a30e2"
  version = "v0.10.1"

[[projects]]
  digest = "1:913fbcd7a3bcb2285ce6737dd8f4896a483f548fd0541aca5517d0c7e8062aa7"
  name = "github.com/homeport/gonvenience"
  packages = [
    "pkg/v1/bunt",
    "pkg/v1/neat",
    "pkg/v1/term",
    "pkg/v1/text",
  ]
  pruneopts = "UT"
  revision = "42198d93e4f7f27d49fc4fec1958e91d8eea666b"
  version = "v1.7.8"

[[projects]]
  digest = "1:94d73ffc84f7f73665755da9ecb17c97b437e142640ed55e421b2a4927ebcda2"
  name = "github.com/homeport/ytbx"
  packages = ["pkg/v1/ytbx"]
  pruneopts = "UT"
  revision = "7a1e32d238b681d4bc46c9b7f92848e1ec0de9ff"
  version = "v1.1.0"

[[projects]]
  digest = "1:bb81097a5b62634f3e9fec1014657855610c82d19b9a40c17612e32651e35dca"
  name = "github.com/jmespath/go-jmespath"
  packages = ["."]
  pruneopts = "UT"
  revision = "c2b33e84"

[[projects]]
  digest = "1:4b63210654b1f2b664f74ec434a1bb1cb442b3d75742cc064a10808d1cca6361"
  name = "github.com/jtolds/gls"
  packages = ["."]
  pruneopts = "UT"
  revision = "b4936e06046bbecbb94cae9c18127ebe510a2cb9"
  version = "v4.20"

[[projects]]
  digest = "1:39de67207027b7374272d5ec9b1bf85457714150ba1263e8d236316629dad570"
  name = "github.com/lucasb-eyer/go-colorful"
  packages = ["."]
  pruneopts = "UT"
  revision = "30298f24079860c4dee452fdef6519b362a4a026"
  version = "v1.0.2"

[[projects]]
  branch = "master"
  digest = "1:0beeaf221fb8c2923207c812d9fe4c17fc8c3365853d4b48ebca5c3c67e1c903"
  name = "github.com/mattn/go-ciede2000"
  packages = ["."]
  pruneopts = "UT"
  revision = "782e8c62fec396b2d7e6f4367dd5f3934de99b47"

[[projects]]
  digest = "1:1f9be53d5dcbea20db2f45a3fa620bbc43171d767bcc0b45486880a638c96ad5"
  name = "github.com/mattn/go-isatty"
  packages = ["."]
  pruneopts = "UT"
  revision = "c1975dc15c1d481e8da23f6ed313bb071136b98f"

[[projects]]
  digest = "1:d0c95a34e79df79eb96ca870d6b6fc43361d34c9c05495f93a5ad0077f7bbb24"
  name = "github.com/mitchellh/go-ps"
  packages = ["."]
  pruneopts = "UT"
  revision = "4fdf99ab29366514c69ccccddab5dc58b8d84062"

[[projects]]
  digest = "1:61332bb44d05257bbf0356d8400a8b30fe0b9fdc3b72b8b55661da8f0a4f39ae"
  name = "github.com/mitchellh/hashstructure"
  packages = ["."]
  pruneopts = "UT"
  revision = "a38c50148365edc8df43c1580c48fb2b3a1e9cd7"
  version = "v1.0.0"

[[projects]]
  branch = "master"
  digest = "1:deff41c4160cc5b487a1d1a69a58925f2d3ac11befa0692b50e76940594e20f5"
  name = "github.com/pkg/errors"
  packages = ["."]
  pruneopts = "UT"
  revision = "27936f6d90f9c8e1145f11ed52ffffbfdb9e0af7"

[[projects]]
  branch = "master"
  digest = "1:d0d418e1c02e6fc00259ef09d0d4f5135fc6aedac356ff0a11f4e5ef0c447270"
  name = "github.com/sergi/go-diff"
  packages = ["diffmatchpatch"]
  pruneopts = "UT"
  revision = "da645544ed44df016359bd4c0e3dc60ee3a0da43"

[[projects]]
  digest = "1:237af0cf68bac89e21af72e6cd6b64f388854895e75f82ad08c6c011e1a8286c"
  name = "github.com/smartystreets/assertions"
  packages = [
    ".",
    "internal/go-diff/diffmatchpatch",
    "internal/go-render/render",
    "internal/oglematchers",
  ]
  pruneopts = "UT"
  revision = "f487f9de1cd36ebab28235b9373028812fb47cbd"
  version = "1.10.1"

[[projects]]
  digest = "1:1a97f8af8b227e676009626f00eb9ee5627a2101edd1adf2483db8723a544889"
  name = "github.com/smartystreets/goconvey"
  packages = [
    "convey",
    "convey/gotest",
    "convey/reporting",
  ]
  pruneopts = "UT"
  revision = "68dc04aab96ae4326137d6b77330c224063a927e"

[[projects]]
  digest = "1:4f02a51caed15443e5a75224c5a451378f820fda47b6bf7987bdafa9bd7e4072"
  name = "github.com/starkandwayne/goutils"
  packages = [
    "ansi",
    "tree",
  ]
  pruneopts = "UT"
  revision = "f4d79c537cf0ec896930cedbed7789214f660634"

[[projects]]
  digest = "1:a38c75e7edd595bbaa03334c1ac26163a5e990d81f05cd9ec5fd0edc9c786078"
  name = "github.com/texttheater/golang-levenshtein"
  packages = ["levenshtein"]
  pruneopts = "UT"
  revision = "d188e65d659ef53fcdb0691c12f1bba64928b649"

[[projects]]
  branch = "master"
  digest = "1:2301236184c14be23f6a36239144aac468e4a1fab571b9cebeb431b6062a0e4d"
  name = "github.com/virtuald/go-ordered-json"
  packages = ["."]
  pruneopts = "UT"
  revision = "b18e6e673d74b304ff0f935a436dde5707ee1e57"

[[projects]]
  digest = "1:f56889319faaeb658de858c93e978a96dbfdcffeb4cba5d272b7766de57deace"
  name = "github.com/voxelbrain/goptions"
  packages = ["."]
  pruneopts = "UT"
  revision = "68583de33d9209ba795a0a334dad27418e4c18f5"
  version = "2.5.10"

[[projects]]
  digest = "1:5ea039c77dd42fa41e5f32b680bfb6fc6683ac3824ee351adcc91b978444da4f"
  name = "github.com/ziutek/utils"
  packages = ["netaddr"]
  pruneopts = "UT"
  revision = "58a64d333eb03710a6b0f6951e8c2eb484fa6284"

[[projects]]
  digest = "1:bbe51412d9915d64ffaa96b51d409e070665efc5194fcf145c4a27d4133107a4"
  name = "golang.org/x/crypto"
  packages = ["ssh/terminal"]
  pruneopts = "UT"
  revision = "22d7a77e9e5f409e934ed268692e56707cd169e5"

[[projects]]
  digest = "1:9f303486d623f840492bfeb48eb906a94e9d3fe638a761639b72ce64bf7bfcc3"
  name = "golang.org/x/sync"
  packages = ["syncmap"]
  pruneopts = "UT"
  revision = "112230192c580c3556b8cee6403af37a4fc5f28c"

[[projects]]
  digest = "1:ed12b66f91f04a5101a0f635bdfc99d6c56a9f0e10e1f7557922a2e8551ab55b"
  name = "golang.org/x/sys"
  packages = [
    "unix",
    "windows",
  ]
  pruneopts = "UT"
  revision = "61b9204099cb1bebc803c9ffb9b2d3acd9d457d9"

[[projects]]
  digest = "1:4d2e5a73dc1500038e504a8d78b986630e3626dc027bc030ba5c75da257cdb96"
  name = "gopkg.in/yaml.v2"
  packages = ["."]
  pruneopts = "UT"
  revision = "51d6538a90f86fe93ac480b35f37b2be17fef232"
  version = "v2.2.2"

[solve-meta]
  analyzer-name = "dep"
  analyzer-version = 1
  input-imports = [
    "github.com/Knetic/govaluate",
    "github.com/aws/aws-sdk-go/aws",
    "github.com/aws/aws-sdk-go/aws/credentials/stscreds",
    "github.com/aws/aws-sdk-go/aws/session",
    "github.com/aws/aws-sdk-go/service/secretsmanager",
    "github.com/aws/aws-sdk-go/service/secretsmanager/secretsmanageriface",
    "github.com/aws/aws-sdk-go/service/ssm",
    "github.com/aws/aws-sdk-go/service/ssm/ssmiface",
    "github.com/cloudfoundry-community/vaultkv",
    "github.com/cppforlife/go-patch/patch",
    "github.com/geofffranks/simpleyaml",
    "github.com/geofffranks/spruce",
    "github.com/geofffranks/spruce/log",
    "github.com/geofffranks/yaml",
    "github.com/homeport/dyff/pkg/v1/dyff",
    "github.com/homeport/ytbx/pkg/v1/ytbx",
    "github.com/mattn/go-isatty",
    "github.com/smartystreets/goconvey/convey",
    "github.com/starkandwayne/goutils/ansi",
    "github.com/starkandwayne/goutils/tree",
    "github.com/voxelbrain/goptions",
    "github.com/ziutek/utils/netaddr",
  ]
  solver-name = "gps-cdcl"
  solver-version = 1
